// !$*UTF8*$!
{
	archiveVersion = 1;
	classes = {
	};
	objectVersion = 46;
	objects = {

/* Begin PBXBuildFile section */
		0C706D63196D3D5500700540 /* Foundation.framework in Frameworks */ = {isa = PBXBuildFile; fileRef = 0C706D62196D3D5500700540 /* Foundation.framework */; };
		0C706D65196D3D5500700540 /* CoreGraphics.framework in Frameworks */ = {isa = PBXBuildFile; fileRef = 0C706D64196D3D5500700540 /* CoreGraphics.framework */; };
		0C706D67196D3D5500700540 /* UIKit.framework in Frameworks */ = {isa = PBXBuildFile; fileRef = 0C706D66196D3D5500700540 /* UIKit.framework */; };
		0C706D6D196D3D5500700540 /* InfoPlist.strings in Resources */ = {isa = PBXBuildFile; fileRef = 0C706D6B196D3D5500700540 /* InfoPlist.strings */; };
		0C706D6F196D3D5500700540 /* main.m in Sources */ = {isa = PBXBuildFile; fileRef = 0C706D6E196D3D5500700540 /* main.m */; };
		0C706D73196D3D5500700540 /* OWAppDelegate.m in Sources */ = {isa = PBXBuildFile; fileRef = 0C706D72196D3D5500700540 /* OWAppDelegate.m */; };
		0C706D76196D3D5500700540 /* Main.storyboard in Resources */ = {isa = PBXBuildFile; fileRef = 0C706D74196D3D5500700540 /* Main.storyboard */; };
		0C706D7B196D3D5500700540 /* Images.xcassets in Resources */ = {isa = PBXBuildFile; fileRef = 0C706D7A196D3D5500700540 /* Images.xcassets */; };
		0C706D82196D3D5500700540 /* XCTest.framework in Frameworks */ = {isa = PBXBuildFile; fileRef = 0C706D81196D3D5500700540 /* XCTest.framework */; };
		0C706D83196D3D5500700540 /* Foundation.framework in Frameworks */ = {isa = PBXBuildFile; fileRef = 0C706D62196D3D5500700540 /* Foundation.framework */; };
		0C706D84196D3D5500700540 /* UIKit.framework in Frameworks */ = {isa = PBXBuildFile; fileRef = 0C706D66196D3D5500700540 /* UIKit.framework */; };
		0C706D8C196D3D5500700540 /* InfoPlist.strings in Resources */ = {isa = PBXBuildFile; fileRef = 0C706D8A196D3D5500700540 /* InfoPlist.strings */; };
		0C706D8E196D3D5500700540 /* UITableViewController_Challenge_SolutionTests.m in Sources */ = {isa = PBXBuildFile; fileRef = 0C706D8D196D3D5500700540 /* UITableViewController_Challenge_SolutionTests.m */; };
		0C706D99196D435300700540 /* OWTableViewController.m in Sources */ = {isa = PBXBuildFile; fileRef = 0C706D98196D435300700540 /* OWTableViewController.m */; };
/* End PBXBuildFile section */

/* Begin PBXContainerItemProxy section */
		0C706D85196D3D5500700540 /* PBXContainerItemProxy */ = {
			isa = PBXContainerItemProxy;
			containerPortal = 0C706D57196D3D5400700540 /* Project object */;
			proxyType = 1;
			remoteGlobalIDString = 0C706D5E196D3D5500700540;
			remoteInfo = "UITableViewController Challenge Solution";
		};
/* End PBXContainerItemProxy section */

/* Begin PBXFileReference section */
		0C706D5F196D3D5500700540 /* UITableViewController Challenge Solution.app */ = {isa = PBXFileReference; explicitFileType = wrapper.application; includeInIndex = 0; path = "UITableViewController Challenge Solution.app"; sourceTree = BUILT_PRODUCTS_DIR; };
		0C706D62196D3D5500700540 /* Foundation.framework */ = {isa = PBXFileReference; lastKnownFileType = wrapper.framework; name = Foundation.framework; path = System/Library/Frameworks/Foundation.framework; sourceTree = SDKROOT; };
		0C706D64196D3D5500700540 /* CoreGraphics.framework */ = {isa = PBXFileReference; lastKnownFileType = wrapper.framework; name = CoreGraphics.framework; path = System/Library/Frameworks/CoreGraphics.framework; sourceTree = SDKROOT; };
		0C706D66196D3D5500700540 /* UIKit.framework */ = {isa = PBXFileReference; lastKnownFileType = wrapper.framework; name = UIKit.framework; path = System/Library/Frameworks/UIKit.framework; sourceTree = SDKROOT; };
		0C706D6A196D3D5500700540 /* UITableViewController Challenge Solution-Info.plist */ = {isa = PBXFileReference; lastKnownFileType = text.plist.xml; path = "UITableViewController Challenge Solution-Info.plist"; sourceTree = "<group>"; };
		0C706D6C196D3D5500700540 /* en */ = {isa = PBXFileReference; lastKnownFileType = text.plist.strings; name = en; path = en.lproj/InfoPlist.strings; sourceTree = "<group>"; };
		0C706D6E196D3D5500700540 /* main.m */ = {isa = PBXFileReference; lastKnownFileType = sourcecode.c.objc; path = main.m; sourceTree = "<group>"; };
		0C706D70196D3D5500700540 /* UITableViewController Challenge Solution-Prefix.pch */ = {isa = PBXFileReference; lastKnownFileType = sourcecode.c.h; path = "UITableViewController Challenge Solution-Prefix.pch"; sourceTree = "<group>"; };
		0C706D71196D3D5500700540 /* OWAppDelegate.h */ = {isa = PBXFileReference; lastKnownFileType = sourcecode.c.h; path = OWAppDelegate.h; sourceTree = "<group>"; };
		0C706D72196D3D5500700540 /* OWAppDelegate.m */ = {isa = PBXFileReference; lastKnownFileType = sourcecode.c.objc; path = OWAppDelegate.m; sourceTree = "<group>"; };
		0C706D75196D3D5500700540 /* Base */ = {isa = PBXFileReference; lastKnownFileType = file.storyboard; name = Base; path = Base.lproj/Main.storyboard; sourceTree = "<group>"; };
		0C706D7A196D3D5500700540 /* Images.xcassets */ = {isa = PBXFileReference; lastKnownFileType = folder.assetcatalog; path = Images.xcassets; sourceTree = "<group>"; };
		0C706D80196D3D5500700540 /* UITableViewController Challenge SolutionTests.xctest */ = {isa = PBXFileReference; explicitFileType = wrapper.cfbundle; includeInIndex = 0; path = "UITableViewController Challenge SolutionTests.xctest"; sourceTree = BUILT_PRODUCTS_DIR; };
		0C706D81196D3D5500700540 /* XCTest.framework */ = {isa = PBXFileReference; lastKnownFileType = wrapper.framework; name = XCTest.framework; path = Library/Frameworks/XCTest.framework; sourceTree = DEVELOPER_DIR; };
		0C706D89196D3D5500700540 /* UITableViewController Challenge SolutionTests-Info.plist */ = {isa = PBXFileReference; lastKnownFileType = text.plist.xml; path = "UITableViewController Challenge SolutionTests-Info.plist"; sourceTree = "<group>"; };
		0C706D8B196D3D5500700540 /* en */ = {isa = PBXFileReference; lastKnownFileType = text.plist.strings; name = en; path = en.lproj/InfoPlist.strings; sourceTree = "<group>"; };
		0C706D8D196D3D5500700540 /* UITableViewController_Challenge_SolutionTests.m */ = {isa = PBXFileReference; lastKnownFileType = sourcecode.c.objc; path = UITableViewController_Challenge_SolutionTests.m; sourceTree = "<group>"; };
		0C706D97196D435300700540 /* OWTableViewController.h */ = {isa = PBXFileReference; fileEncoding = 4; lastKnownFileType = sourcecode.c.h; path = OWTableViewController.h; sourceTree = "<group>"; };
		0C706D98196D435300700540 /* OWTableViewController.m */ = {isa = PBXFileReference; fileEncoding = 4; lastKnownFileType = sourcecode.c.objc; path = OWTableViewController.m; sourceTree = "<group>"; };
/* End PBXFileReference section */

/* Begin PBXFrameworksBuildPhase section */
		0C706D5C196D3D5500700540 /* Frameworks */ = {
			isa = PBXFrameworksBuildPhase;
			buildActionMask = 2147483647;
			files = (
				0C706D65196D3D5500700540 /* CoreGraphics.framework in Frameworks */,
				0C706D67196D3D5500700540 /* UIKit.framework in Frameworks */,
				0C706D63196D3D5500700540 /* Foundation.framework in Frameworks */,
			);
			runOnlyForDeploymentPostprocessing = 0;
		};
		0C706D7D196D3D5500700540 /* Frameworks */ = {
			isa = PBXFrameworksBuildPhase;
			buildActionMask = 2147483647;
			files = (
				0C706D82196D3D5500700540 /* XCTest.framework in Frameworks */,
				0C706D84196D3D5500700540 /* UIKit.framework in Frameworks */,
				0C706D83196D3D5500700540 /* Foundation.framework in Frameworks */,
			);
			runOnlyForDeploymentPostprocessing = 0;
		};
/* End PBXFrameworksBuildPhase section */

/* Begin PBXGroup section */
		0C706D56196D3D5400700540 = {
			isa = PBXGroup;
			children = (
				0C706D68196D3D5500700540 /* UITableViewController Challenge Solution */,
				0C706D87196D3D5500700540 /* UITableViewController Challenge SolutionTests */,
				0C706D61196D3D5500700540 /* Frameworks */,
				0C706D60196D3D5500700540 /* Products */,
			);
			sourceTree = "<group>";
		};
		0C706D60196D3D5500700540 /* Products */ = {
			isa = PBXGroup;
			children = (
				0C706D5F196D3D5500700540 /* UITableViewController Challenge Solution.app */,
				0C706D80196D3D5500700540 /* UITableViewController Challenge SolutionTests.xctest */,
			);
			name = Products;
			sourceTree = "<group>";
		};
		0C706D61196D3D5500700540 /* Frameworks */ = {
			isa = PBXGroup;
			children = (
				0C706D62196D3D5500700540 /* Foundation.framework */,
				0C706D64196D3D5500700540 /* CoreGraphics.framework */,
				0C706D66196D3D5500700540 /* UIKit.framework */,
				0C706D81196D3D5500700540 /* XCTest.framework */,
			);
			name = Frameworks;
			sourceTree = "<group>";
		};
		0C706D68196D3D5500700540 /* UITableViewController Challenge Solution */ = {
			isa = PBXGroup;
			children = (
				0C706D71196D3D5500700540 /* OWAppDelegate.h */,
				0C706D72196D3D5500700540 /* OWAppDelegate.m */,
				0C706D74196D3D5500700540 /* Main.storyboard */,
				0C706D97196D435300700540 /* OWTableViewController.h */,
				0C706D98196D435300700540 /* OWTableViewController.m */,
				0C706D7A196D3D5500700540 /* Images.xcassets */,
				0C706D69196D3D5500700540 /* Supporting Files */,
			);
			path = "UITableViewController Challenge Solution";
			sourceTree = "<group>";
		};
		0C706D69196D3D5500700540 /* Supporting Files */ = {
			isa = PBXGroup;
			children = (
				0C706D6A196D3D5500700540 /* UITableViewController Challenge Solution-Info.plist */,
				0C706D6B196D3D5500700540 /* InfoPlist.strings */,
				0C706D6E196D3D5500700540 /* main.m */,
				0C706D70196D3D5500700540 /* UITableViewController Challenge Solution-Prefix.pch */,
			);
			name = "Supporting Files";
			sourceTree = "<group>";
		};
		0C706D87196D3D5500700540 /* UITableViewController Challenge SolutionTests */ = {
			isa = PBXGroup;
			children = (
				0C706D8D196D3D5500700540 /* UITableViewController_Challenge_SolutionTests.m */,
				0C706D88196D3D5500700540 /* Supporting Files */,
			);
			path = "UITableViewController Challenge SolutionTests";
			sourceTree = "<group>";
		};
		0C706D88196D3D5500700540 /* Supporting Files */ = {
			isa = PBXGroup;
			children = (
				0C706D89196D3D5500700540 /* UITableViewController Challenge SolutionTests-Info.plist */,
				0C706D8A196D3D5500700540 /* InfoPlist.strings */,
			);
			name = "Supporting Files";
			sourceTree = "<group>";
		};
/* End PBXGroup section */

/* Begin PBXNativeTarget section */
		0C706D5E196D3D5500700540 /* UITableViewController Challenge Solution */ = {
			isa = PBXNativeTarget;
			buildConfigurationList = 0C706D91196D3D5500700540 /* Build configuration list for PBXNativeTarget "UITableViewController Challenge Solution" */;
			buildPhases = (
				0C706D5B196D3D5500700540 /* Sources */,
				0C706D5C196D3D5500700540 /* Frameworks */,
				0C706D5D196D3D5500700540 /* Resources */,
			);
			buildRules = (
			);
			dependencies = (
			);
			name = "UITableViewController Challenge Solution";
			productName = "UITableViewController Challenge Solution";
			productReference = 0C706D5F196D3D5500700540 /* UITableViewController Challenge Solution.app */;
			productType = "com.apple.product-type.application";
		};
		0C706D7F196D3D5500700540 /* UITableViewController Challenge SolutionTests */ = {
			isa = PBXNativeTarget;
			buildConfigurationList = 0C706D94196D3D5500700540 /* Build configuration list for PBXNativeTarget "UITableViewController Challenge SolutionTests" */;
			buildPhases = (
				0C706D7C196D3D5500700540 /* Sources */,
				0C706D7D196D3D5500700540 /* Frameworks */,
				0C706D7E196D3D5500700540 /* Resources */,
			);
			buildRules = (
			);
			dependencies = (
				0C706D86196D3D5500700540 /* PBXTargetDependency */,
			);
			name = "UITableViewController Challenge SolutionTests";
			productName = "UITableViewController Challenge SolutionTests";
			productReference = 0C706D80196D3D5500700540 /* UITableViewController Challenge SolutionTests.xctest */;
			productType = "com.apple.product-type.bundle.unit-test";
		};
/* End PBXNativeTarget section */

/* Begin PBXProject section */
		0C706D57196D3D5400700540 /* Project object */ = {
			isa = PBXProject;
			attributes = {
				CLASSPREFIX = OW;
				LastUpgradeCheck = 0510;
				ORGANIZATIONNAME = "Code Coalation";
				TargetAttributes = {
					0C706D7F196D3D5500700540 = {
						TestTargetID = 0C706D5E196D3D5500700540;
					};
				};
			};
			buildConfigurationList = 0C706D5A196D3D5400700540 /* Build configuration list for PBXProject "UITableViewController Challenge Solution" */;
			compatibilityVersion = "Xcode 3.2";
			developmentRegion = English;
			hasScannedForEncodings = 0;
			knownRegions = (
				en,
				Base,
			);
			mainGroup = 0C706D56196D3D5400700540;
			productRefGroup = 0C706D60196D3D5500700540 /* Products */;
			projectDirPath = "";
			projectRoot = "";
			targets = (
				0C706D5E196D3D5500700540 /* UITableViewController Challenge Solution */,
				0C706D7F196D3D5500700540 /* UITableViewController Challenge SolutionTests */,
			);
		};
/* End PBXProject section */

/* Begin PBXResourcesBuildPhase section */
		0C706D5D196D3D5500700540 /* Resources */ = {
			isa = PBXResourcesBuildPhase;
			buildActionMask = 2147483647;
			files = (
				0C706D7B196D3D5500700540 /* Images.xcassets in Resources */,
				0C706D6D196D3D5500700540 /* InfoPlist.strings in Resources */,
				0C706D76196D3D5500700540 /* Main.storyboard in Resources */,
			);
			runOnlyForDeploymentPostprocessing = 0;
		};
		0C706D7E196D3D5500700540 /* Resources */ = {
			isa = PBXResourcesBuildPhase;
			buildActionMask = 2147483647;
			files = (
				0C706D8C196D3D5500700540 /* InfoPlist.strings in Resources */,
			);
			runOnlyForDeploymentPostprocessing = 0;
		};
/* End PBXResourcesBuildPhase section */

/* Begin PBXSourcesBuildPhase section */
		0C706D5B196D3D5500700540 /* Sources */ = {
			isa = PBXSourcesBuildPhase;
			buildActionMask = 2147483647;
			files = (
				0C706D99196D435300700540 /* OWTableViewController.m in Sources */,
				0C706D73196D3D5500700540 /* OWAppDelegate.m in Sources */,
				0C706D6F196D3D5500700540 /* main.m in Sources */,
			);
			runOnlyForDeploymentPostprocessing = 0;
		};
		0C706D7C196D3D5500700540 /* Sources */ = {
			isa = PBXSourcesBuildPhase;
			buildActionMask = 2147483647;
			files = (
				0C706D8E196D3D5500700540 /* UITableViewController_Challenge_SolutionTests.m in Sources */,
			);
			runOnlyForDeploymentPostprocessing = 0;
		};
/* End PBXSourcesBuildPhase section */

/* Begin PBXTargetDependency section */
		0C706D86196D3D5500700540 /* PBXTargetDependency */ = {
			isa = PBXTargetDependency;
			target = 0C706D5E196D3D5500700540 /* UITableViewController Challenge Solution */;
			targetProxy = 0C706D85196D3D5500700540 /* PBXContainerItemProxy */;
		};
/* End PBXTargetDependency section */

/* Begin PBXVariantGroup section */
		0C706D6B196D3D5500700540 /* InfoPlist.strings */ = {
			isa = PBXVariantGroup;
			children = (
				0C706D6C196D3D5500700540 /* en */,
			);
			name = InfoPlist.strings;
			sourceTree = "<group>";
		};
		0C706D74196D3D5500700540 /* Main.storyboard */ = {
			isa = PBXVariantGroup;
			children = (
				0C706D75196D3D5500700540 /* Base */,
			);
			name = Main.storyboard;
			sourceTree = "<group>";
		};
		0C706D8A196D3D5500700540 /* InfoPlist.strings */ = {
			isa = PBXVariantGroup;
			children = (
				0C706D8B196D3D5500700540 /* en */,
			);
			name = InfoPlist.strings;
			sourceTree = "<group>";
		};
/* End PBXVariantGroup section */

/* Begin XCBuildConfiguration section */
		0C706D8F196D3D5500700540 /* Debug */ = {
			isa = XCBuildConfiguration;
			buildSettings = {
				ALWAYS_SEARCH_USER_PATHS = NO;
				CLANG_CXX_LANGUAGE_STANDARD = "gnu++0x";
				CLANG_CXX_LIBRARY = "libc++";
				CLANG_ENABLE_MODULES = YES;
				CLANG_ENABLE_OBJC_ARC = YES;
				CLANG_WARN_BOOL_CONVERSION = YES;
				CLANG_WARN_CONSTANT_CONVERSION = YES;
				CLANG_WARN_DIRECT_OBJC_ISA_USAGE = YES_ERROR;
				CLANG_WARN_EMPTY_BODY = YES;
				CLANG_WARN_ENUM_CONVERSION = YES;
				CLANG_WARN_INT_CONVERSION = YES;
				CLANG_WARN_OBJC_ROOT_CLASS = YES_ERROR;
				CLANG_WARN__DUPLICATE_METHOD_MATCH = YES;
				"CODE_SIGN_IDENTITY[sdk=iphoneos*]" = "iPhone Developer";
				COPY_PHASE_STRIP = NO;
				GCC_C_LANGUAGE_STANDARD = gnu99;
				GCC_DYNAMIC_NO_PIC = NO;
				GCC_OPTIMIZATION_LEVEL = 0;
				GCC_PREPROCESSOR_DEFINITIONS = (
					"DEBUG=1",
					"$(inherited)",
				);
				GCC_SYMBOLS_PRIVATE_EXTERN = NO;
				GCC_WARN_64_TO_32_BIT_CONVERSION = YES;
				GCC_WARN_ABOUT_RETURN_TYPE = YES_ERROR;
				GCC_WARN_UNDECLARED_SELECTOR = YES;
				GCC_WARN_UNINITIALIZED_AUTOS = YES_AGGRESSIVE;
				GCC_WARN_UNUSED_FUNCTION = YES;
				GCC_WARN_UNUSED_VARIABLE = YES;
				IPHONEOS_DEPLOYMENT_TARGET = 7.1;
				ONLY_ACTIVE_ARCH = YES;
				SDKROOT = iphoneos;
			};
			name = Debug;
		};
		0C706D90196D3D5500700540 /* Release */ = {
			isa = XCBuildConfiguration;
			buildSettings = {
				ALWAYS_SEARCH_USER_PATHS = NO;
				CLANG_CXX_LANGUAGE_STANDARD = "gnu++0x";
				CLANG_CXX_LIBRARY = "libc++";
				CLANG_ENABLE_MODULES = YES;
				CLANG_ENABLE_OBJC_ARC = YES;
				CLANG_WARN_BOOL_CONVERSION = YES;
				CLANG_WARN_CONSTANT_CONVERSION = YES;
				CLANG_WARN_DIRECT_OBJC_ISA_USAGE = YES_ERROR;
				CLANG_WARN_EMPTY_BODY = YES;
				CLANG_WARN_ENUM_CONVERSION = YES;
				CLANG_WARN_INT_CONVERSION = YES;
				CLANG_WARN_OBJC_ROOT_CLASS = YES_ERROR;
				CLANG_WARN__DUPLICATE_METHOD_MATCH = YES;
				"CODE_SIGN_IDENTITY[sdk=iphoneos*]" = "iPhone Developer";
				COPY_PHASE_STRIP = YES;
				ENABLE_NS_ASSERTIONS = NO;
				GCC_C_LANGUAGE_STANDARD = gnu99;
				GCC_WARN_64_TO_32_BIT_CONVERSION = YES;
				GCC_WARN_ABOUT_RETURN_TYPE = YES_ERROR;
				GCC_WARN_UNDECLARED_SELECTOR = YES;
				GCC_WARN_UNINITIALIZED_AUTOS = YES_AGGRESSIVE;
				GCC_WARN_UNUSED_FUNCTION = YES;
				GCC_WARN_UNUSED_VARIABLE = YES;
				IPHONEOS_DEPLOYMENT_TARGET = 7.1;
				SDKROOT = iphoneos;
				VALIDATE_PRODUCT = YES;
			};
			name = Release;
		};
		0C706D92196D3D5500700540 /* Debug */ = {
			isa = XCBuildConfiguration;
			buildSettings = {
				ASSETCATALOG_COMPILER_APPICON_NAME = AppIcon;
				ASSETCATALOG_COMPILER_LAUNCHIMAGE_NAME = LaunchImage;
				GCC_PRECOMPILE_PREFIX_HEADER = YES;
				GCC_PREFIX_HEADER = "UITableViewController Challenge Solution/UITableViewController Challenge Solution-Prefix.pch";
				INFOPLIST_FILE = "UITableViewController Challenge Solution/UITableViewController Challenge Solution-Info.plist";
				PRODUCT_NAME = "$(TARGET_NAME)";
				WRAPPER_EXTENSION = app;
			};
			name = Debug;
		};
		0C706D93196D3D5500700540 /* Release */ = {
			isa = XCBuildConfiguration;
			buildSettings = {
				ASSETCATALOG_COMPILER_APPICON_NAME = AppIcon;
				ASSETCATALOG_COMPILER_LAUNCHIMAGE_NAME = LaunchImage;
				GCC_PRECOMPILE_PREFIX_HEADER = YES;
				GCC_PREFIX_HEADER = "UITableViewController Challenge Solution/UITableViewController Challenge Solution-Prefix.pch";
				INFOPLIST_FILE = "UITableViewController Challenge Solution/UITableViewController Challenge Solution-Info.plist";
				PRODUCT_NAME = "$(TARGET_NAME)";
				WRAPPER_EXTENSION = app;
			};
			name = Release;
		};
		0C706D95196D3D5500700540 /* Debug */ = {
			isa = XCBuildConfiguration;
			buildSettings = {
				BUNDLE_LOADER = "$(BUILT_PRODUCTS_DIR)/UITableViewController Challenge Solution.app/UITableViewController Challenge Solution";
				FRAMEWORK_SEARCH_PATHS = (
					"$(SDKROOT)/Developer/Library/Frameworks",
					"$(inherited)",
					"$(DEVELOPER_FRAMEWORKS_DIR)",
				);
				GCC_PRECOMPILE_PREFIX_HEADER = YES;
				GCC_PREFIX_HEADER = "UITableViewController Challenge Solution/UITableViewController Challenge Solution-Prefix.pch";
				GCC_PREPROCESSOR_DEFINITIONS = (
					"DEBUG=1",
					"$(inherited)",
				);
				INFOPLIST_FILE = "UITableViewController Challenge SolutionTests/UITableViewController Challenge SolutionTests-Info.plist";
				PRODUCT_NAME = "$(TARGET_NAME)";
				TEST_HOST = "$(BUNDLE_LOADER)";
				WRAPPER_EXTENSION = xctest;
			};
			name = Debug;
		};
		0C706D96196D3D5500700540 /* Release */ = {
			isa = XCBuildConfiguration;
			buildSettings = {
				BUNDLE_LOADER = "$(BUILT_PRODUCTS_DIR)/UITableViewController Challenge Solution.app/UITableViewController Challenge Solution";
				FRAMEWORK_SEARCH_PATHS = (
					"$(SDKROOT)/Developer/Library/Frameworks",
					"$(inherited)",
					"$(DEVELOPER_FRAMEWORKS_DIR)",
				);
				GCC_PRECOMPILE_PREFIX_HEADER = YES;
				GCC_PREFIX_HEADER = "UITableViewController Challenge Solution/UITableViewController Challenge Solution-Prefix.pch";
				INFOPLIST_FILE = "UITableViewController Challenge SolutionTests/UITableViewController Challenge SolutionTests-Info.plist";
				PRODUCT_NAME = "$(TARGET_NAME)";
				TEST_HOST = "$(BUNDLE_LOADER)";
				WRAPPER_EXTENSION = xctest;
			};
			name = Release;
		};
/* End XCBuildConfiguration section */

/* Begin XCConfigurationList section */
		0C706D5A196D3D5400700540 /* Build configuration list for PBXProject "UITableViewController Challenge Solution" */ = {
			isa = XCConfigurationList;
			buildConfigurations = (
				0C706D8F196D3D5500700540 /* Debug */,
				0C706D90196D3D5500700540 /* Release */,
			);
			defaultConfigurationIsVisible = 0;
			defaultConfigurationName = Release;
		};
		0C706D91196D3D5500700540 /* Build configuration list for PBXNativeTarget "UITableViewController Challenge Solution" */ = {
			isa = XCConfigurationList;
			buildConfigurations = (
				0C706D92196D3D5500700540 /* Debug */,
				0C706D93196D3D5500700540 /* Release */,
			);
			defaultConfigurationIsVisible = 0;
		};
		0C706D94196D3D5500700540 /* Build configuration list for PBXNativeTarget "UITableViewController Challenge SolutionTests" */ = {
			isa = XCConfigurationList;
			buildConfigurations = (
				0C706D95196D3D5500700540 /* Debug */,
				0C706D96196D3D5500700540 /* Release */,
			);
			defaultConfigurationIsVisible = 0;
		};
/* End XCConfigurationList section */
	};
	rootObject = 0C706D57196D3D5400700540 /* Project object */;
}
